// !$*UTF8*$!
{
	archiveVersion = 1;
	classes = {
	};
	objectVersion = 46;
	objects = {

/* Begin PBXBuildFile section */
		DA0BAC011D6C67B50056FD49 /* ts.cpp in Sources */ = {isa = PBXBuildFile; fileRef = DA0BABFF1D6C67B50056FD49 /* ts.cpp */; };
		DA0BAC021D6C67B50056FD49 /* ts.cpp in Sources */ = {isa = PBXBuildFile; fileRef = DA0BABFF1D6C67B50056FD49 /* ts.cpp */; };
		DA0BAC031D6C67B50056FD49 /* ts.cpp in Sources */ = {isa = PBXBuildFile; fileRef = DA0BABFF1D6C67B50056FD49 /* ts.cpp */; };
		DA0BAC061D6C68130056FD49 /* lowRes.ts in Resources */ = {isa = PBXBuildFile; fileRef = DA0BAC051D6C68130056FD49 /* lowRes.ts */; };
		DA0BAC071D6C68130056FD49 /* lowRes.ts in Resources */ = {isa = PBXBuildFile; fileRef = DA0BAC051D6C68130056FD49 /* lowRes.ts */; };
		DA0BAC081D6C68130056FD49 /* lowRes.ts in Resources */ = {isa = PBXBuildFile; fileRef = DA0BAC051D6C68130056FD49 /* lowRes.ts */; };
		DA0BAC0A1D6C6B4F0056FD49 /* lowRes.264 in Resources */ = {isa = PBXBuildFile; fileRef = DA0BAC091D6C6B4F0056FD49 /* lowRes.264 */; };
		DA0BAC0B1D6C6B4F0056FD49 /* lowRes.264 in Resources */ = {isa = PBXBuildFile; fileRef = DA0BAC091D6C6B4F0056FD49 /* lowRes.264 */; };
		DA0BAC0C1D6C6B4F0056FD49 /* lowRes.264 in Resources */ = {isa = PBXBuildFile; fileRef = DA0BAC091D6C6B4F0056FD49 /* lowRes.264 */; };
		DACDF2501D1A5496004D431C /* CodecAPI.mm in Sources */ = {isa = PBXBuildFile; fileRef = DACDF24F1D1A5496004D431C /* CodecAPI.mm */; };
		DACDF2511D1A5496004D431C /* CodecAPI.mm in Sources */ = {isa = PBXBuildFile; fileRef = DACDF24F1D1A5496004D431C /* CodecAPI.mm */; };
		DACDF2521D1A5496004D431C /* CodecAPI.mm in Sources */ = {isa = PBXBuildFile; fileRef = DACDF24F1D1A5496004D431C /* CodecAPI.mm */; };
		DACDF26B1D1A5F9F004D431C /* libcommon.a in Frameworks */ = {isa = PBXBuildFile; fileRef = DACDF2671D1A5F9F004D431C /* libcommon.a */; };
		DACDF26C1D1A5F9F004D431C /* libcommon.a in Frameworks */ = {isa = PBXBuildFile; fileRef = DACDF2671D1A5F9F004D431C /* libcommon.a */; };
		DACDF26D1D1A5F9F004D431C /* libcommon.a in Frameworks */ = {isa = PBXBuildFile; fileRef = DACDF2671D1A5F9F004D431C /* libcommon.a */; };
		DACDF26E1D1A5F9F004D431C /* libprocessing.a in Frameworks */ = {isa = PBXBuildFile; fileRef = DACDF2681D1A5F9F004D431C /* libprocessing.a */; };
		DACDF26F1D1A5F9F004D431C /* libprocessing.a in Frameworks */ = {isa = PBXBuildFile; fileRef = DACDF2681D1A5F9F004D431C /* libprocessing.a */; };
		DACDF2701D1A5F9F004D431C /* libprocessing.a in Frameworks */ = {isa = PBXBuildFile; fileRef = DACDF2681D1A5F9F004D431C /* libprocessing.a */; };
		DACDF2711D1A5F9F004D431C /* libwelsdec.a in Frameworks */ = {isa = PBXBuildFile; fileRef = DACDF2691D1A5F9F004D431C /* libwelsdec.a */; };
		DACDF2721D1A5F9F004D431C /* libwelsdec.a in Frameworks */ = {isa = PBXBuildFile; fileRef = DACDF2691D1A5F9F004D431C /* libwelsdec.a */; };
		DACDF2731D1A5F9F004D431C /* libwelsdec.a in Frameworks */ = {isa = PBXBuildFile; fileRef = DACDF2691D1A5F9F004D431C /* libwelsdec.a */; };
		DACDF2741D1A5F9F004D431C /* libwelsenc.a in Frameworks */ = {isa = PBXBuildFile; fileRef = DACDF26A1D1A5F9F004D431C /* libwelsenc.a */; };
		DACDF2751D1A5F9F004D431C /* libwelsenc.a in Frameworks */ = {isa = PBXBuildFile; fileRef = DACDF26A1D1A5F9F004D431C /* libwelsenc.a */; };
		DACDF2761D1A5F9F004D431C /* libwelsenc.a in Frameworks */ = {isa = PBXBuildFile; fileRef = DACDF26A1D1A5F9F004D431C /* libwelsenc.a */; };
		DAFE43581D192025001714BE /* main.m in Sources */ = {isa = PBXBuildFile; fileRef = DAFE43571D192025001714BE /* main.m */; };
		DAFE435B1D192025001714BE /* AppDelegate.m in Sources */ = {isa = PBXBuildFile; fileRef = DAFE435A1D192025001714BE /* AppDelegate.m */; };
		DAFE435E1D192025001714BE /* ViewController.mm in Sources */ = {isa = PBXBuildFile; fileRef = DAFE435D1D192025001714BE /* ViewController.mm */; };
		DAFE43611D192025001714BE /* Main.storyboard in Resources */ = {isa = PBXBuildFile; fileRef = DAFE435F1D192025001714BE /* Main.storyboard */; };
		DAFE43631D192025001714BE /* Assets.xcassets in Resources */ = {isa = PBXBuildFile; fileRef = DAFE43621D192025001714BE /* Assets.xcassets */; };
		DAFE43661D192025001714BE /* LaunchScreen.storyboard in Resources */ = {isa = PBXBuildFile; fileRef = DAFE43641D192025001714BE /* LaunchScreen.storyboard */; };
		DAFE43711D192025001714BE /* CodecTestAppTests.m in Sources */ = {isa = PBXBuildFile; fileRef = DAFE43701D192025001714BE /* CodecTestAppTests.m */; };
		DAFE437C1D192025001714BE /* CodecTestAppUITests.m in Sources */ = {isa = PBXBuildFile; fileRef = DAFE437B1D192025001714BE /* CodecTestAppUITests.m */; };
		DAFE439B1D194215001714BE /* CodecProcessor.mm in Sources */ = {isa = PBXBuildFile; fileRef = DAFE439A1D194215001714BE /* CodecProcessor.mm */; };
		DAFE439C1D194215001714BE /* CodecProcessor.mm in Sources */ = {isa = PBXBuildFile; fileRef = DAFE439A1D194215001714BE /* CodecProcessor.mm */; };
		DAFE439D1D194215001714BE /* CodecProcessor.mm in Sources */ = {isa = PBXBuildFile; fileRef = DAFE439A1D194215001714BE /* CodecProcessor.mm */; };
/* End PBXBuildFile section */

/* Begin PBXContainerItemProxy section */
		DAFE436D1D192025001714BE /* PBXContainerItemProxy */ = {
			isa = PBXContainerItemProxy;
			containerPortal = DAFE434B1D192024001714BE /* Project object */;
			proxyType = 1;
			remoteGlobalIDString = DAFE43521D192024001714BE;
			remoteInfo = CodecTestApp;
		};
		DAFE43781D192025001714BE /* PBXContainerItemProxy */ = {
			isa = PBXContainerItemProxy;
			containerPortal = DAFE434B1D192024001714BE /* Project object */;
			proxyType = 1;
			remoteGlobalIDString = DAFE43521D192024001714BE;
			remoteInfo = CodecTestApp;
		};
/* End PBXContainerItemProxy section */

/* Begin PBXFileReference section */
		DA0BABFC1D6C67B50056FD49 /* ac3.h */ = {isa = PBXFileReference; fileEncoding = 4; lastKnownFileType = sourcecode.c.h; name = ac3.h; path = TSDemux/ac3.h; sourceTree = "<group>"; };
		DA0BABFD1D6C67B50056FD49 /* common.h */ = {isa = PBXFileReference; fileEncoding = 4; lastKnownFileType = sourcecode.c.h; name = common.h; path = TSDemux/common.h; sourceTree = "<group>"; };
		DA0BABFE1D6C67B50056FD49 /* h264.h */ = {isa = PBXFileReference; fileEncoding = 4; lastKnownFileType = sourcecode.c.h; name = h264.h; path = TSDemux/h264.h; sourceTree = "<group>"; };
		DA0BABFF1D6C67B50056FD49 /* ts.cpp */ = {isa = PBXFileReference; fileEncoding = 4; lastKnownFileType = sourcecode.cpp.cpp; name = ts.cpp; path = TSDemux/ts.cpp; sourceTree = "<group>"; };
		DA0BAC001D6C67B50056FD49 /* ts.h */ = {isa = PBXFileReference; fileEncoding = 4; lastKnownFileType = sourcecode.c.h; name = ts.h; path = TSDemux/ts.h; sourceTree = "<group>"; };
		DA0BAC051D6C68130056FD49 /* lowRes.ts */ = {isa = PBXFileReference; lastKnownFileType = file; name = lowRes.ts; path = TSDemux/lowRes.ts; sourceTree = "<group>"; };
		DA0BAC091D6C6B4F0056FD49 /* lowRes.264 */ = {isa = PBXFileReference; lastKnownFileType = file; path = lowRes.264; sourceTree = "<group>"; };
		DACDF24E1D1A5496004D431C /* CodecAPI.hpp */ = {isa = PBXFileReference; fileEncoding = 4; lastKnownFileType = sourcecode.cpp.h; name = CodecAPI.hpp; path = Controller/CodecAPI.hpp; sourceTree = "<group>"; };
		DACDF24F1D1A5496004D431C /* CodecAPI.mm */ = {isa = PBXFileReference; fileEncoding = 4; lastKnownFileType = sourcecode.cpp.objcpp; name = CodecAPI.mm; path = Controller/CodecAPI.mm; sourceTree = "<group>"; };
		DACDF2631D1A5F9F004D431C /* codec_api.h */ = {isa = PBXFileReference; fileEncoding = 4; lastKnownFileType = sourcecode.c.h; name = codec_api.h; path = OpenH264/codec_api.h; sourceTree = "<group>"; };
		DACDF2641D1A5F9F004D431C /* codec_app_def.h */ = {isa = PBXFileReference; fileEncoding = 4; lastKnownFileType = sourcecode.c.h; name = codec_app_def.h; path = OpenH264/codec_app_def.h; sourceTree = "<group>"; };
		DACDF2651D1A5F9F004D431C /* codec_def.h */ = {isa = PBXFileReference; fileEncoding = 4; lastKnownFileType = sourcecode.c.h; name = codec_def.h; path = OpenH264/codec_def.h; sourceTree = "<group>"; };
		DACDF2661D1A5F9F004D431C /* codec_ver.h */ = {isa = PBXFileReference; fileEncoding = 4; lastKnownFileType = sourcecode.c.h; name = codec_ver.h; path = OpenH264/codec_ver.h; sourceTree = "<group>"; };
		DACDF2671D1A5F9F004D431C /* libcommon.a */ = {isa = PBXFileReference; lastKnownFileType = archive.ar; name = libcommon.a; path = OpenH264/libcommon.a; sourceTree = "<group>"; };
		DACDF2681D1A5F9F004D431C /* libprocessing.a */ = {isa = PBXFileReference; lastKnownFileType = archive.ar; name = libprocessing.a; path = OpenH264/libprocessing.a; sourceTree = "<group>"; };
		DACDF2691D1A5F9F004D431C /* libwelsdec.a */ = {isa = PBXFileReference; lastKnownFileType = archive.ar; name = libwelsdec.a; path = OpenH264/libwelsdec.a; sourceTree = "<group>"; };
		DACDF26A1D1A5F9F004D431C /* libwelsenc.a */ = {isa = PBXFileReference; lastKnownFileType = archive.ar; name = libwelsenc.a; path = OpenH264/libwelsenc.a; sourceTree = "<group>"; };
		DAFE43531D192024001714BE /* CodecTestApp.app */ = {isa = PBXFileReference; explicitFileType = wrapper.application; includeInIndex = 0; path = CodecTestApp.app; sourceTree = BUILT_PRODUCTS_DIR; };
		DAFE43571D192025001714BE /* main.m */ = {isa = PBXFileReference; lastKnownFileType = sourcecode.c.objc; path = main.m; sourceTree = "<group>"; };
		DAFE43591D192025001714BE /* AppDelegate.h */ = {isa = PBXFileReference; lastKnownFileType = sourcecode.c.h; path = AppDelegate.h; sourceTree = "<group>"; };
		DAFE435A1D192025001714BE /* AppDelegate.m */ = {isa = PBXFileReference; lastKnownFileType = sourcecode.c.objc; path = AppDelegate.m; sourceTree = "<group>"; };
		DAFE435C1D192025001714BE /* ViewController.h */ = {isa = PBXFileReference; lastKnownFileType = sourcecode.c.h; path = ViewController.h; sourceTree = "<group>"; };
		DAFE435D1D192025001714BE /* ViewController.mm */ = {isa = PBXFileReference; lastKnownFileType = sourcecode.cpp.objcpp; path = ViewController.mm; sourceTree = "<group>"; };
		DAFE43601D192025001714BE /* Base */ = {isa = PBXFileReference; lastKnownFileType = file.storyboard; name = Base; path = Base.lproj/Main.storyboard; sourceTree = "<group>"; };
		DAFE43621D192025001714BE /* Assets.xcassets */ = {isa = PBXFileReference; lastKnownFileType = folder.assetcatalog; path = Assets.xcassets; sourceTree = "<group>"; };
		DAFE43651D192025001714BE /* Base */ = {isa = PBXFileReference; lastKnownFileType = file.storyboard; name = Base; path = Base.lproj/LaunchScreen.storyboard; sourceTree = "<group>"; };
		DAFE43671D192025001714BE /* Info.plist */ = {isa = PBXFileReference; lastKnownFileType = text.plist.xml; path = Info.plist; sourceTree = "<group>"; };
		DAFE436C1D192025001714BE /* CodecTestAppTests.xctest */ = {isa = PBXFileReference; explicitFileType = wrapper.cfbundle; includeInIndex = 0; path = CodecTestAppTests.xctest; sourceTree = BUILT_PRODUCTS_DIR; };
		DAFE43701D192025001714BE /* CodecTestAppTests.m */ = {isa = PBXFileReference; lastKnownFileType = sourcecode.c.objc; path = CodecTestAppTests.m; sourceTree = "<group>"; };
		DAFE43721D192025001714BE /* Info.plist */ = {isa = PBXFileReference; lastKnownFileType = text.plist.xml; path = Info.plist; sourceTree = "<group>"; };
		DAFE43771D192025001714BE /* CodecTestAppUITests.xctest */ = {isa = PBXFileReference; explicitFileType = wrapper.cfbundle; includeInIndex = 0; path = CodecTestAppUITests.xctest; sourceTree = BUILT_PRODUCTS_DIR; };
		DAFE437B1D192025001714BE /* CodecTestAppUITests.m */ = {isa = PBXFileReference; lastKnownFileType = sourcecode.c.objc; path = CodecTestAppUITests.m; sourceTree = "<group>"; };
		DAFE437D1D192025001714BE /* Info.plist */ = {isa = PBXFileReference; lastKnownFileType = text.plist.xml; path = Info.plist; sourceTree = "<group>"; };
		DAFE43991D194215001714BE /* CodecProcessor.hpp */ = {isa = PBXFileReference; fileEncoding = 4; lastKnownFileType = sourcecode.cpp.h; name = CodecProcessor.hpp; path = Controller/CodecProcessor.hpp; sourceTree = "<group>"; };
		DAFE439A1D194215001714BE /* CodecProcessor.mm */ = {isa = PBXFileReference; fileEncoding = 4; lastKnownFileType = sourcecode.cpp.objcpp; name = CodecProcessor.mm; path = Controller/CodecProcessor.mm; sourceTree = "<group>"; };
/* End PBXFileReference section */

/* Begin PBXFrameworksBuildPhase section */
		DAFE43501D192024001714BE /* Frameworks */ = {
			isa = PBXFrameworksBuildPhase;
			buildActionMask = 2147483647;
			files = (
				DACDF26E1D1A5F9F004D431C /* libprocessing.a in Frameworks */,
				DACDF26B1D1A5F9F004D431C /* libcommon.a in Frameworks */,
				DACDF2711D1A5F9F004D431C /* libwelsdec.a in Frameworks */,
				DACDF2741D1A5F9F004D431C /* libwelsenc.a in Frameworks */,
			);
			runOnlyForDeploymentPostprocessing = 0;
		};
		DAFE43691D192025001714BE /* Frameworks */ = {
			isa = PBXFrameworksBuildPhase;
			buildActionMask = 2147483647;
			files = (
				DACDF26F1D1A5F9F004D431C /* libprocessing.a in Frameworks */,
				DACDF26C1D1A5F9F004D431C /* libcommon.a in Frameworks */,
				DACDF2721D1A5F9F004D431C /* libwelsdec.a in Frameworks */,
				DACDF2751D1A5F9F004D431C /* libwelsenc.a in Frameworks */,
			);
			runOnlyForDeploymentPostprocessing = 0;
		};
		DAFE43741D192025001714BE /* Frameworks */ = {
			isa = PBXFrameworksBuildPhase;
			buildActionMask = 2147483647;
			files = (
				DACDF2701D1A5F9F004D431C /* libprocessing.a in Frameworks */,
				DACDF26D1D1A5F9F004D431C /* libcommon.a in Frameworks */,
				DACDF2731D1A5F9F004D431C /* libwelsdec.a in Frameworks */,
				DACDF2761D1A5F9F004D431C /* libwelsenc.a in Frameworks */,
			);
			runOnlyForDeploymentPostprocessing = 0;
		};
/* End PBXFrameworksBuildPhase section */

/* Begin PBXGroup section */
		DA0BAC041D6C67BA0056FD49 /* TSDemux */ = {
			isa = PBXGroup;
			children = (
				DA0BABFC1D6C67B50056FD49 /* ac3.h */,
				DA0BABFD1D6C67B50056FD49 /* common.h */,
				DA0BABFE1D6C67B50056FD49 /* h264.h */,
				DA0BABFF1D6C67B50056FD49 /* ts.cpp */,
				DA0BAC001D6C67B50056FD49 /* ts.h */,
			);
			name = TSDemux;
			sourceTree = "<group>";
		};
		DACDF2771D1A5FB0004D431C /* OpenH264 */ = {
			isa = PBXGroup;
			children = (
				DACDF2631D1A5F9F004D431C /* codec_api.h */,
				DACDF2641D1A5F9F004D431C /* codec_app_def.h */,
				DACDF2651D1A5F9F004D431C /* codec_def.h */,
				DACDF2661D1A5F9F004D431C /* codec_ver.h */,
				DACDF2671D1A5F9F004D431C /* libcommon.a */,
				DACDF2681D1A5F9F004D431C /* libprocessing.a */,
				DACDF2691D1A5F9F004D431C /* libwelsdec.a */,
				DACDF26A1D1A5F9F004D431C /* libwelsenc.a */,
			);
			name = OpenH264;
			sourceTree = "<group>";
		};
		DAFE434A1D192024001714BE = {
			isa = PBXGroup;
			children = (
				DA0BAC051D6C68130056FD49 /* lowRes.ts */,
				DA0BAC091D6C6B4F0056FD49 /* lowRes.264 */,
				DA0BAC041D6C67BA0056FD49 /* TSDemux */,
				DACDF2771D1A5FB0004D431C /* OpenH264 */,
				DAFE438D1D1935D6001714BE /* Controller */,
				DAFE43551D192025001714BE /* CodecTestApp */,
				DAFE436F1D192025001714BE /* CodecTestAppTests */,
				DAFE437A1D192025001714BE /* CodecTestAppUITests */,
				DAFE43541D192024001714BE /* Products */,
			);
			sourceTree = "<group>";
		};
		DAFE43541D192024001714BE /* Products */ = {
			isa = PBXGroup;
			children = (
				DAFE43531D192024001714BE /* CodecTestApp.app */,
				DAFE436C1D192025001714BE /* CodecTestAppTests.xctest */,
				DAFE43771D192025001714BE /* CodecTestAppUITests.xctest */,
			);
			name = Products;
			sourceTree = "<group>";
		};
		DAFE43551D192025001714BE /* CodecTestApp */ = {
			isa = PBXGroup;
			children = (
				DAFE43591D192025001714BE /* AppDelegate.h */,
				DAFE435A1D192025001714BE /* AppDelegate.m */,
				DAFE435C1D192025001714BE /* ViewController.h */,
				DAFE435D1D192025001714BE /* ViewController.mm */,
				DAFE435F1D192025001714BE /* Main.storyboard */,
				DAFE43621D192025001714BE /* Assets.xcassets */,
				DAFE43641D192025001714BE /* LaunchScreen.storyboard */,
				DAFE43671D192025001714BE /* Info.plist */,
				DAFE43561D192025001714BE /* Supporting Files */,
			);
			path = CodecTestApp;
			sourceTree = "<group>";
		};
		DAFE43561D192025001714BE /* Supporting Files */ = {
			isa = PBXGroup;
			children = (
				DAFE43571D192025001714BE /* main.m */,
			);
			name = "Supporting Files";
			sourceTree = "<group>";
		};
		DAFE436F1D192025001714BE /* CodecTestAppTests */ = {
			isa = PBXGroup;
			children = (
				DAFE43701D192025001714BE /* CodecTestAppTests.m */,
				DAFE43721D192025001714BE /* Info.plist */,
			);
			path = CodecTestAppTests;
			sourceTree = "<group>";
		};
		DAFE437A1D192025001714BE /* CodecTestAppUITests */ = {
			isa = PBXGroup;
			children = (
				DAFE437B1D192025001714BE /* CodecTestAppUITests.m */,
				DAFE437D1D192025001714BE /* Info.plist */,
			);
			path = CodecTestAppUITests;
			sourceTree = "<group>";
		};
		DAFE438D1D1935D6001714BE /* Controller */ = {
			isa = PBXGroup;
			children = (
				DACDF24E1D1A5496004D431C /* CodecAPI.hpp */,
				DACDF24F1D1A5496004D431C /* CodecAPI.mm */,
				DAFE43991D194215001714BE /* CodecProcessor.hpp */,
				DAFE439A1D194215001714BE /* CodecProcessor.mm */,
			);
			name = Controller;
			sourceTree = "<group>";
		};
/* End PBXGroup section */

/* Begin PBXNativeTarget section */
		DAFE43521D192024001714BE /* CodecTestApp */ = {
			isa = PBXNativeTarget;
			buildConfigurationList = DAFE43801D192025001714BE /* Build configuration list for PBXNativeTarget "CodecTestApp" */;
			buildPhases = (
				DAFE434F1D192024001714BE /* Sources */,
				DAFE43501D192024001714BE /* Frameworks */,
				DAFE43511D192024001714BE /* Resources */,
			);
			buildRules = (
			);
			dependencies = (
			);
			name = CodecTestApp;
			productName = CodecTestApp;
			productReference = DAFE43531D192024001714BE /* CodecTestApp.app */;
			productType = "com.apple.product-type.application";
		};
		DAFE436B1D192025001714BE /* CodecTestAppTests */ = {
			isa = PBXNativeTarget;
			buildConfigurationList = DAFE43831D192025001714BE /* Build configuration list for PBXNativeTarget "CodecTestAppTests" */;
			buildPhases = (
				DAFE43681D192025001714BE /* Sources */,
				DAFE43691D192025001714BE /* Frameworks */,
				DAFE436A1D192025001714BE /* Resources */,
			);
			buildRules = (
			);
			dependencies = (
				DAFE436E1D192025001714BE /* PBXTargetDependency */,
			);
			name = CodecTestAppTests;
			productName = CodecTestAppTests;
			productReference = DAFE436C1D192025001714BE /* CodecTestAppTests.xctest */;
			productType = "com.apple.product-type.bundle.unit-test";
		};
		DAFE43761D192025001714BE /* CodecTestAppUITests */ = {
			isa = PBXNativeTarget;
			buildConfigurationList = DAFE43861D192025001714BE /* Build configuration list for PBXNativeTarget "CodecTestAppUITests" */;
			buildPhases = (
				DAFE43731D192025001714BE /* Sources */,
				DAFE43741D192025001714BE /* Frameworks */,
				DAFE43751D192025001714BE /* Resources */,
			);
			buildRules = (
			);
			dependencies = (
				DAFE43791D192025001714BE /* PBXTargetDependency */,
			);
			name = CodecTestAppUITests;
			productName = CodecTestAppUITests;
			productReference = DAFE43771D192025001714BE /* CodecTestAppUITests.xctest */;
			productType = "com.apple.product-type.bundle.ui-testing";
		};
/* End PBXNativeTarget section */

/* Begin PBXProject section */
		DAFE434B1D192024001714BE /* Project object */ = {
			isa = PBXProject;
			attributes = {
				LastUpgradeCheck = 0730;
				ORGANIZATIONNAME = "Rajib Chandra Das";
				TargetAttributes = {
					DAFE43521D192024001714BE = {
						CreatedOnToolsVersion = 7.3;
						DevelopmentTeam = MB952926M3;
					};
					DAFE436B1D192025001714BE = {
						CreatedOnToolsVersion = 7.3;
						TestTargetID = DAFE43521D192024001714BE;
					};
					DAFE43761D192025001714BE = {
						CreatedOnToolsVersion = 7.3;
						TestTargetID = DAFE43521D192024001714BE;
					};
				};
			};
			buildConfigurationList = DAFE434E1D192024001714BE /* Build configuration list for PBXProject "CodecTestApp" */;
			compatibilityVersion = "Xcode 3.2";
			developmentRegion = English;
			hasScannedForEncodings = 0;
			knownRegions = (
				en,
				Base,
			);
			mainGroup = DAFE434A1D192024001714BE;
			productRefGroup = DAFE43541D192024001714BE /* Products */;
			projectDirPath = "";
			projectRoot = "";
			targets = (
				DAFE43521D192024001714BE /* CodecTestApp */,
				DAFE436B1D192025001714BE /* CodecTestAppTests */,
				DAFE43761D192025001714BE /* CodecTestAppUITests */,
			);
		};
/* End PBXProject section */

/* Begin PBXResourcesBuildPhase section */
		DAFE43511D192024001714BE /* Resources */ = {
			isa = PBXResourcesBuildPhase;
			buildActionMask = 2147483647;
			files = (
				DAFE43661D192025001714BE /* LaunchScreen.storyboard in Resources */,
				DAFE43631D192025001714BE /* Assets.xcassets in Resources */,
				DA0BAC061D6C68130056FD49 /* lowRes.ts in Resources */,
				DAFE43611D192025001714BE /* Main.storyboard in Resources */,
				DA0BAC0A1D6C6B4F0056FD49 /* lowRes.264 in Resources */,
			);
			runOnlyForDeploymentPostprocessing = 0;
		};
		DAFE436A1D192025001714BE /* Resources */ = {
			isa = PBXResourcesBuildPhase;
			buildActionMask = 2147483647;
			files = (
				DA0BAC0B1D6C6B4F0056FD49 /* lowRes.264 in Resources */,
				DA0BAC071D6C68130056FD49 /* lowRes.ts in Resources */,
			);
			runOnlyForDeploymentPostprocessing = 0;
		};
		DAFE43751D192025001714BE /* Resources */ = {
			isa = PBXResourcesBuildPhase;
			buildActionMask = 2147483647;
			files = (
				DA0BAC0C1D6C6B4F0056FD49 /* lowRes.264 in Resources */,
				DA0BAC081D6C68130056FD49 /* lowRes.ts in Resources */,
			);
			runOnlyForDeploymentPostprocessing = 0;
		};
/* End PBXResourcesBuildPhase section */

/* Begin PBXSourcesBuildPhase section */
		DAFE434F1D192024001714BE /* Sources */ = {
			isa = PBXSourcesBuildPhase;
			buildActionMask = 2147483647;
			files = (
				DAFE435E1D192025001714BE /* ViewController.mm in Sources */,
				DACDF2501D1A5496004D431C /* CodecAPI.mm in Sources */,
				DA0BAC011D6C67B50056FD49 /* ts.cpp in Sources */,
				DAFE435B1D192025001714BE /* AppDelegate.m in Sources */,
				DAFE439B1D194215001714BE /* CodecProcessor.mm in Sources */,
				DAFE43581D192025001714BE /* main.m in Sources */,
			);
			runOnlyForDeploymentPostprocessing = 0;
		};
		DAFE43681D192025001714BE /* Sources */ = {
			isa = PBXSourcesBuildPhase;
			buildActionMask = 2147483647;
			files = (
				DAFE43711D192025001714BE /* CodecTestAppTests.m in Sources */,
				DAFE439C1D194215001714BE /* CodecProcessor.mm in Sources */,
				DA0BAC021D6C67B50056FD49 /* ts.cpp in Sources */,
				DACDF2511D1A5496004D431C /* CodecAPI.mm in Sources */,
			);
			runOnlyForDeploymentPostprocessing = 0;
		};
		DAFE43731D192025001714BE /* Sources */ = {
			isa = PBXSourcesBuildPhase;
			buildActionMask = 2147483647;
			files = (
				DAFE437C1D192025001714BE /* CodecTestAppUITests.m in Sources */,
				DAFE439D1D194215001714BE /* CodecProcessor.mm in Sources */,
				DA0BAC031D6C67B50056FD49 /* ts.cpp in Sources */,
				DACDF2521D1A5496004D431C /* CodecAPI.mm in Sources */,
			);
			runOnlyForDeploymentPostprocessing = 0;
		};
/* End PBXSourcesBuildPhase section */

/* Begin PBXTargetDependency section */
		DAFE436E1D192025001714BE /* PBXTargetDependency */ = {
			isa = PBXTargetDependency;
			target = DAFE43521D192024001714BE /* CodecTestApp */;
			targetProxy = DAFE436D1D192025001714BE /* PBXContainerItemProxy */;
		};
		DAFE43791D192025001714BE /* PBXTargetDependency */ = {
			isa = PBXTargetDependency;
			target = DAFE43521D192024001714BE /* CodecTestApp */;
			targetProxy = DAFE43781D192025001714BE /* PBXContainerItemProxy */;
		};
/* End PBXTargetDependency section */

/* Begin PBXVariantGroup section */
		DAFE435F1D192025001714BE /* Main.storyboard */ = {
			isa = PBXVariantGroup;
			children = (
				DAFE43601D192025001714BE /* Base */,
			);
			name = Main.storyboard;
			sourceTree = "<group>";
		};
		DAFE43641D192025001714BE /* LaunchScreen.storyboard */ = {
			isa = PBXVariantGroup;
			children = (
				DAFE43651D192025001714BE /* Base */,
			);
			name = LaunchScreen.storyboard;
			sourceTree = "<group>";
		};
/* End PBXVariantGroup section */

/* Begin XCBuildConfiguration section */
		DAFE437E1D192025001714BE /* Debug */ = {
			isa = XCBuildConfiguration;
			buildSettings = {
				ALWAYS_SEARCH_USER_PATHS = NO;
				CLANG_ANALYZER_NONNULL = YES;
				CLANG_CXX_LANGUAGE_STANDARD = "gnu++0x";
				CLANG_CXX_LIBRARY = "libc++";
				CLANG_ENABLE_MODULES = YES;
				CLANG_ENABLE_OBJC_ARC = YES;
				CLANG_WARN_BOOL_CONVERSION = YES;
				CLANG_WARN_CONSTANT_CONVERSION = YES;
				CLANG_WARN_DIRECT_OBJC_ISA_USAGE = YES_ERROR;
				CLANG_WARN_EMPTY_BODY = YES;
				CLANG_WARN_ENUM_CONVERSION = YES;
				CLANG_WARN_INT_CONVERSION = YES;
				CLANG_WARN_OBJC_ROOT_CLASS = YES_ERROR;
				CLANG_WARN_UNREACHABLE_CODE = YES;
				CLANG_WARN__DUPLICATE_METHOD_MATCH = YES;
				"CODE_SIGN_IDENTITY[sdk=iphoneos*]" = "iPhone Developer";
				COPY_PHASE_STRIP = NO;
				DEBUG_INFORMATION_FORMAT = dwarf;
				ENABLE_STRICT_OBJC_MSGSEND = YES;
				ENABLE_TESTABILITY = YES;
				GCC_C_LANGUAGE_STANDARD = gnu99;
				GCC_DYNAMIC_NO_PIC = NO;
				GCC_NO_COMMON_BLOCKS = YES;
				GCC_OPTIMIZATION_LEVEL = s;
				GCC_PREPROCESSOR_DEFINITIONS = (
					"DEBUG=1",
					"$(inherited)",
				);
				GCC_WARN_64_TO_32_BIT_CONVERSION = YES;
				GCC_WARN_ABOUT_RETURN_TYPE = YES_ERROR;
				GCC_WARN_UNDECLARED_SELECTOR = YES;
				GCC_WARN_UNINITIALIZED_AUTOS = YES_AGGRESSIVE;
				GCC_WARN_UNUSED_FUNCTION = YES;
				GCC_WARN_UNUSED_VARIABLE = YES;
				HEADER_SEARCH_PATHS = "\"$(SRCROOT)/OpenH264/\"";
				IPHONEOS_DEPLOYMENT_TARGET = 7.0;
				MTL_ENABLE_DEBUG_INFO = YES;
				ONLY_ACTIVE_ARCH = YES;
				SDKROOT = iphoneos;
				TARGETED_DEVICE_FAMILY = "1,2";
			};
			name = Debug;
		};
		DAFE437F1D192025001714BE /* Release */ = {
			isa = XCBuildConfiguration;
			buildSettings = {
				ALWAYS_SEARCH_USER_PATHS = NO;
				CLANG_ANALYZER_NONNULL = YES;
				CLANG_CXX_LANGUAGE_STANDARD = "gnu++0x";
				CLANG_CXX_LIBRARY = "libc++";
				CLANG_ENABLE_MODULES = YES;
				CLANG_ENABLE_OBJC_ARC = YES;
				CLANG_WARN_BOOL_CONVERSION = YES;
				CLANG_WARN_CONSTANT_CONVERSION = YES;
				CLANG_WARN_DIRECT_OBJC_ISA_USAGE = YES_ERROR;
				CLANG_WARN_EMPTY_BODY = YES;
				CLANG_WARN_ENUM_CONVERSION = YES;
				CLANG_WARN_INT_CONVERSION = YES;
				CLANG_WARN_OBJC_ROOT_CLASS = YES_ERROR;
				CLANG_WARN_UNREACHABLE_CODE = YES;
				CLANG_WARN__DUPLICATE_METHOD_MATCH = YES;
				"CODE_SIGN_IDENTITY[sdk=iphoneos*]" = "iPhone Developer";
				COPY_PHASE_STRIP = NO;
				DEBUG_INFORMATION_FORMAT = "dwarf-with-dsym";
				ENABLE_NS_ASSERTIONS = NO;
				ENABLE_STRICT_OBJC_MSGSEND = YES;
				GCC_C_LANGUAGE_STANDARD = gnu99;
				GCC_NO_COMMON_BLOCKS = YES;
				GCC_WARN_64_TO_32_BIT_CONVERSION = YES;
				GCC_WARN_ABOUT_RETURN_TYPE = YES_ERROR;
				GCC_WARN_UNDECLARED_SELECTOR = YES;
				GCC_WARN_UNINITIALIZED_AUTOS = YES_AGGRESSIVE;
				GCC_WARN_UNUSED_FUNCTION = YES;
				GCC_WARN_UNUSED_VARIABLE = YES;
				HEADER_SEARCH_PATHS = "\"$(SRCROOT)/OpenH264/\"";
				IPHONEOS_DEPLOYMENT_TARGET = 7.0;
				MTL_ENABLE_DEBUG_INFO = NO;
				SDKROOT = iphoneos;
				TARGETED_DEVICE_FAMILY = "1,2";
				VALIDATE_PRODUCT = YES;
			};
			name = Release;
		};
		DAFE43811D192025001714BE /* Debug */ = {
			isa = XCBuildConfiguration;
			buildSettings = {
				ASSETCATALOG_COMPILER_APPICON_NAME = AppIcon;
				DEVELOPMENT_TEAM = MB952926M3;
				ENABLE_BITCODE = NO;
				INFOPLIST_FILE = CodecTestApp/Info.plist;
				IPHONEOS_DEPLOYMENT_TARGET = 7.0;
				LD_RUNPATH_SEARCH_PATHS = "$(inherited) @executable_path/Frameworks";
				LIBRARY_SEARCH_PATHS = (
					"$(inherited)",
					"$(PROJECT_DIR)/OpenH264",
				);
				PRODUCT_BUNDLE_IDENTIFIER = RingID.CodecTestApp;
				PRODUCT_NAME = "$(TARGET_NAME)";
			};
			name = Debug;
		};
		DAFE43821D192025001714BE /* Release */ = {
			isa = XCBuildConfiguration;
			buildSettings = {
				ASSETCATALOG_COMPILER_APPICON_NAME = AppIcon;
				DEVELOPMENT_TEAM = MB952926M3;
				ENABLE_BITCODE = NO;
				INFOPLIST_FILE = CodecTestApp/Info.plist;
				IPHONEOS_DEPLOYMENT_TARGET = 7.0;
				LD_RUNPATH_SEARCH_PATHS = "$(inherited) @executable_path/Frameworks";
				LIBRARY_SEARCH_PATHS = (
					"$(inherited)",
					"$(PROJECT_DIR)/OpenH264",
				);
				PRODUCT_BUNDLE_IDENTIFIER = RingID.CodecTestApp;
				PRODUCT_NAME = "$(TARGET_NAME)";
			};
			name = Release;
		};
		DAFE43841D192025001714BE /* Debug */ = {
			isa = XCBuildConfiguration;
			buildSettings = {
				BUNDLE_LOADER = "$(TEST_HOST)";
				INFOPLIST_FILE = CodecTestAppTests/Info.plist;
				LD_RUNPATH_SEARCH_PATHS = "$(inherited) @executable_path/Frameworks @loader_path/Frameworks";
				LIBRARY_SEARCH_PATHS = (
					"$(inherited)",
					"$(PROJECT_DIR)/OpenH264",
				);
				PRODUCT_BUNDLE_IDENTIFIER = RingID.CodecTestAppTests;
				PRODUCT_NAME = "$(TARGET_NAME)";
				TEST_HOST = "$(BUILT_PRODUCTS_DIR)/CodecTestApp.app/CodecTestApp";
			};
			name = Debug;
		};
		DAFE43851D192025001714BE /* Release */ = {
			isa = XCBuildConfiguration;
			buildSettings = {
				BUNDLE_LOADER = "$(TEST_HOST)";
				INFOPLIST_FILE = CodecTestAppTests/Info.plist;
				LD_RUNPATH_SEARCH_PATHS = "$(inherited) @executable_path/Frameworks @loader_path/Frameworks";
				LIBRARY_SEARCH_PATHS = (
					"$(inherited)",
					"$(PROJECT_DIR)/OpenH264",
				);
				PRODUCT_BUNDLE_IDENTIFIER = RingID.CodecTestAppTests;
				PRODUCT_NAME = "$(TARGET_NAME)";
				TEST_HOST = "$(BUILT_PRODUCTS_DIR)/CodecTestApp.app/CodecTestApp";
			};
			name = Release;
		};
		DAFE43871D192025001714BE /* Debug */ = {
			isa = XCBuildConfiguration;
			buildSettings = {
				INFOPLIST_FILE = CodecTestAppUITests/Info.plist;
				LD_RUNPATH_SEARCH_PATHS = "$(inherited) @executable_path/Frameworks @loader_path/Frameworks";
				LIBRARY_SEARCH_PATHS = (
					"$(inherited)",
					"$(PROJECT_DIR)/OpenH264",
				);
				PRODUCT_BUNDLE_IDENTIFIER = RingID.CodecTestAppUITests;
				PRODUCT_NAME = "$(TARGET_NAME)";
				TEST_TARGET_NAME = CodecTestApp;
			};
			name = Debug;
		};
		DAFE43881D192025001714BE /* Release */ = {
			isa = XCBuildConfiguration;
			buildSettings = {
				INFOPLIST_FILE = CodecTestAppUITests/Info.plist;
				LD_RUNPATH_SEARCH_PATHS = "$(inherited) @executable_path/Frameworks @loader_path/Frameworks";
				LIBRARY_SEARCH_PATHS = (
					"$(inherited)",
					"$(PROJECT_DIR)/OpenH264",
				);
				PRODUCT_BUNDLE_IDENTIFIER = RingID.CodecTestAppUITests;
				PRODUCT_NAME = "$(TARGET_NAME)";
				TEST_TARGET_NAME = CodecTestApp;
			};
			name = Release;
		};
/* End XCBuildConfiguration section */

/* Begin XCConfigurationList section */
		DAFE434E1D192024001714BE /* Build configuration list for PBXProject "CodecTestApp" */ = {
			isa = XCConfigurationList;
			buildConfigurations = (
				DAFE437E1D192025001714BE /* Debug */,
				DAFE437F1D192025001714BE /* Release */,
			);
			defaultConfigurationIsVisible = 0;
			defaultConfigurationName = Release;
		};
		DAFE43801D192025001714BE /* Build configuration list for PBXNativeTarget "CodecTestApp" */ = {
			isa = XCConfigurationList;
			buildConfigurations = (
				DAFE43811D192025001714BE /* Debug */,
				DAFE43821D192025001714BE /* Release */,
			);
			defaultConfigurationIsVisible = 0;
			defaultConfigurationName = Release;
		};
		DAFE43831D192025001714BE /* Build configuration list for PBXNativeTarget "CodecTestAppTests" */ = {
			isa = XCConfigurationList;
			buildConfigurations = (
				DAFE43841D192025001714BE /* Debug */,
				DAFE43851D192025001714BE /* Release */,
			);
			defaultConfigurationIsVisible = 0;
			defaultConfigurationName = Release;
		};
		DAFE43861D192025001714BE /* Build configuration list for PBXNativeTarget "CodecTestAppUITests" */ = {
			isa = XCConfigurationList;
			buildConfigurations = (
				DAFE43871D192025001714BE /* Debug */,
				DAFE43881D192025001714BE /* Release */,
			);
			defaultConfigurationIsVisible = 0;
			defaultConfigurationName = Release;
		};
/* End XCConfigurationList section */
	};
	rootObject = DAFE434B1D192024001714BE /* Project object */;
}
